{
  "version": "4",
  "specifiers": {
    "jsr:@deno/deployctl@^1.12.0": "1.12.0",
    "jsr:@hono/hono@^4.6.4": "4.6.4",
    "jsr:@std/assert@0.217": "0.217.0",
    "jsr:@std/async@0.217": "0.217.0",
    "jsr:@std/dotenv@0.217": "0.217.0",
    "jsr:@std/encoding@0.217": "0.217.0",
    "jsr:@std/flags@0.217": "0.217.0",
    "jsr:@std/fmt@0.217": "0.217.0",
    "jsr:@std/jsonc@0.217": "0.217.0",
    "jsr:@std/path@0.217": "0.217.0",
    "jsr:@std/semver@0.217": "0.217.0",
    "jsr:@std/streams@0.217": "0.217.0",
    "npm:@hono/swagger-ui@~0.4.1": "0.4.1_hono@4.6.4",
    "npm:@hono/zod-openapi@~0.16.4": "0.16.4_hono@4.6.4_zod@3.23.8",
    "npm:@hono/zod-validator@~0.4.1": "0.4.1_hono@4.6.4_zod@3.23.8",
    "npm:@octokit/types@^13.6.1": "13.6.1",
    "npm:keychain@1.5.0": "1.5.0",
    "npm:zod@^3.23.8": "3.23.8"
  },
  "jsr": {
    "@deno/deployctl@1.12.0": {
      "integrity": "f72479177ac1fb57ddb62ac55ad4ef4f710254cb29c050f9bafd1803c0b248b3",
      "dependencies": [
        "jsr:@std/async",
        "jsr:@std/dotenv",
        "jsr:@std/encoding",
        "jsr:@std/flags",
        "jsr:@std/fmt",
        "jsr:@std/jsonc",
        "jsr:@std/path",
        "jsr:@std/semver",
        "jsr:@std/streams",
        "npm:keychain"
      ]
    },
    "@hono/hono@4.6.4": {
      "integrity": "9bbd937653ab902405af33743561140f8883d27dc730eb9ceac665e2468c8bf6"
    },
    "@std/assert@0.217.0": {
      "integrity": "c98e279362ca6982d5285c3b89517b757c1e3477ee9f14eb2fdf80a45aaa9642"
    },
    "@std/async@0.217.0": {
      "integrity": "14dac94f59595e39e519de379c47170d8bbedea253824c4b167108aa943ddb69",
      "dependencies": [
        "jsr:@std/assert"
      ]
    },
    "@std/dotenv@0.217.0": {
      "integrity": "e65cbbf669f482c320b2f94d0a2fc536f1fcd06afdcfa4fde358129a18d1d428"
    },
    "@std/encoding@0.217.0": {
      "integrity": "b03e8ff94c98d6b6a02c02c5cf8e5d203400155516248964fc4559abc04669dc"
    },
    "@std/flags@0.217.0": {
      "integrity": "2d67502692d76cfe37fba1c4a92d0a5fe0a6f9601900fd7c510936b0e4e0242e",
      "dependencies": [
        "jsr:@std/assert"
      ]
    },
    "@std/fmt@0.217.0": {
      "integrity": "cb99f82500b8da20202fedfa8bb94dd0222e81f0494ed9087de20ee3d8a39a8d"
    },
    "@std/jsonc@0.217.0": {
      "integrity": "125c47f36ef8160e1b4fd5bff096e8f0ea3f49bea197de5b182eb130bb8a527c",
      "dependencies": [
        "jsr:@std/assert"
      ]
    },
    "@std/path@0.217.0": {
      "integrity": "1217cc25534bca9a2f672d7fe7c6f356e4027df400c0e85c0ef3e4343bc67d11",
      "dependencies": [
        "jsr:@std/assert"
      ]
    },
    "@std/semver@0.217.0": {
      "integrity": "c1ba42cdcaacf610f1a62ec2256ab29765a73fede65120214c3acb9c85ed3d35"
    },
    "@std/streams@0.217.0": {
      "integrity": "b4a6de703d6aa59c4777f89fc002e82b8401dada44d1e6f7e916664c1e6cfd36"
    }
  },
  "npm": {
    "@asteasolutions/zod-to-openapi@7.2.0_zod@3.23.8": {
      "integrity": "sha512-Va+Fq1QzKkSgmiYINSp3cASFhMsbdRH/kmCk2feijhC+yNjGoC056CRqihrVFhR8MY8HOZHdlYm2Ns2lmszCiw==",
      "dependencies": [
        "openapi3-ts",
        "zod"
      ]
    },
    "@hono/swagger-ui@0.4.1_hono@4.6.4": {
      "integrity": "sha512-kPaJatHffeYQ3yVkHo878hCqwfapqx54FczJVJ+eRWt8J4biyVVMIdCAJb6MyA8bcnHUoTmUpPc7OJAV1VTg2g==",
      "dependencies": [
        "hono"
      ]
    },
    "@hono/zod-openapi@0.16.4_hono@4.6.4_zod@3.23.8": {
      "integrity": "sha512-mnF6GthBaKex0D5PsY/4lYNtkaGJNE38bjeUI//EUqq7Ee4TNm2su35IUiFH4HcmJp5fWYMLyOJOpjnkClzEGw==",
      "dependencies": [
        "@asteasolutions/zod-to-openapi",
        "@hono/zod-validator@0.3.0_hono@4.6.4_zod@3.23.8",
        "hono",
        "zod"
      ]
    },
    "@hono/zod-validator@0.3.0_hono@4.6.4_zod@3.23.8": {
      "integrity": "sha512-7XcTk3yYyk6ldrO/VuqsroE7stvDZxHJQcpATRAyha8rUxJNBPV3+6waDrARfgEqxOVlzIadm3/6sE/dPseXgQ==",
      "dependencies": [
        "hono",
        "zod"
      ]
    },
    "@hono/zod-validator@0.4.1_hono@4.6.4_zod@3.23.8": {
      "integrity": "sha512-I8LyfeJfvVmC5hPjZ2Iij7RjexlgSBT7QJudZ4JvNPLxn0JQ3sqclz2zydlwISAnw21D2n4LQ0nfZdoiv9fQQA==",
      "dependencies": [
        "hono",
        "zod"
      ]
    },
    "@octokit/openapi-types@22.2.0": {
      "integrity": "sha512-QBhVjcUa9W7Wwhm6DBFu6ZZ+1/t/oYxqc2tp81Pi41YNuJinbFRx8B133qVOrAaBbF7D/m0Et6f9/pZt9Rc+tg=="
    },
    "@octokit/types@13.6.1": {
      "integrity": "sha512-PHZE9Z+kWXb23Ndik8MKPirBPziOc0D2/3KH1P+6jK5nGWe96kadZuE4jev2/Jq7FvIfTlT2Ltg8Fv2x1v0a5g==",
      "dependencies": [
        "@octokit/openapi-types"
      ]
    },
    "hono@4.6.4": {
      "integrity": "sha512-T5WqBkTOcIQblqBKB5mpzaH/A+dSpvVe938xZJCHOmOuYfF7DSwE/9/10+BMvwSPq9N/f6LiQ38HxrZSQOsXKw=="
    },
    "keychain@1.5.0": {
      "integrity": "sha512-liyp4r+93RI7EB2jhwaRd4MWfdgHH6shuldkaPMkELCJjMFvOOVXuTvw1pGqFfhsrgA6OqfykWWPQgBjQakVag=="
    },
    "openapi3-ts@4.4.0": {
      "integrity": "sha512-9asTNB9IkKEzWMcHmVZE7Ts3kC9G7AFHfs8i7caD8HbI76gEjdkId4z/AkP83xdZsH7PLAnnbl47qZkXuxpArw==",
      "dependencies": [
        "yaml"
      ]
    },
    "yaml@2.5.1": {
      "integrity": "sha512-bLQOjaX/ADgQ20isPJRvF0iRUHIxVhYvr53Of7wGcWlO2jvtUlH5m87DsmulFVxRpNLOnI4tB6p/oh8D7kpn9Q=="
    },
    "zod@3.23.8": {
      "integrity": "sha512-XBx9AXhXktjUqnepgTiE5flcKIYWi/rme0Eaj+5Y0lftuGBq+jyRu/md4WnuxqgP1ubdpNCsYEYPxrzVHD8d6g=="
    }
  },
  "workspace": {
    "dependencies": [
      "jsr:@deno/deployctl@^1.12.0",
      "jsr:@hono/hono@^4.6.4",
      "npm:@hono/swagger-ui@~0.4.1",
      "npm:@hono/zod-openapi@~0.16.4",
      "npm:@hono/zod-validator@~0.4.1",
      "npm:@octokit/types@^13.6.1",
      "npm:zod@^3.23.8"
    ]
  }
}
